
Microsoft Visual Studio Solution File, Format Version 12.00
Project("{FAE04EC0-301F-11D3-BF4B-00C04F79EFBC}") = "Lab4", "Lab4.csproj", "{414B9AD5-AD1A-4CAF-BFEF-50229DB70ACB}"
EndProject
Global
	GlobalSection(SolutionConfigurationPlatforms) = preSolution
		Debug|Any CPU = Debug|Any CPU
		Release|Any CPU = Release|Any CPU
	EndGlobalSection
	GlobalSection(ProjectConfigurationPlatforms) = postSolution
		{414B9AD5-AD1A-4CAF-BFEF-50229DB70ACB}.Debug|Any CPU.ActiveCfg = Debug|Any CPU
		{414B9AD5-AD1A-4CAF-BFEF-50229DB70ACB}.Debug|Any CPU.Build.0 = Debug|Any CPU
		{414B9AD5-AD1A-4CAF-BFEF-50229DB70ACB}.Release|Any CPU.ActiveCfg = Release|Any CPU
		{414B9AD5-AD1A-4CAF-BFEF-50229DB70ACB}.Release|Any CPU.Build.0 = Release|Any CPU
	EndGlobalSection
EndGlobal
